// !$*UTF8*$!
{
	archiveVersion = 1;
	classes = {
	};
	objectVersion = 54;
	objects = {

/* Begin PBXBuildFile section */
		03CC768272D1391D2302856C /* SQLite in Frameworks */ = {isa = PBXBuildFile; productRef = B478EA5AC619FAE1E0FED4C4 /* SQLite */; };
		0A33F5BEB7CA3A5628FED791 /* Extensions.swift in Sources */ = {isa = PBXBuildFile; fileRef = 005E52278788128105CD1C8F /* Extensions.swift */; };
		28EDC4E42C80114B2CB41F58 /* Fonts.swift in Sources */ = {isa = PBXBuildFile; fileRef = A0BF91A76976DFFE783E2D33 /* Fonts.swift */; };
		3D3D71FB4AC3C30393C63552 /* Symbol.swift in Sources */ = {isa = PBXBuildFile; fileRef = A7C5C4EBA87BDC0E09D7165C /* Symbol.swift */; };
		418D96F90FCFA133C93B14C8 /* StarFieldBackground.swift in Sources */ = {isa = PBXBuildFile; fileRef = C04917DA39025D11399FFC71 /* StarFieldBackground.swift */; };
		4E0DFEC499B3CE297416B586 /* DreamListView.swift in Sources */ = {isa = PBXBuildFile; fileRef = 0894CC01986B4AFEF24179DE /* DreamListView.swift */; };
		4F153D9B610BF5330D54E4D4 /* SymbolsViewModel.swift in Sources */ = {isa = PBXBuildFile; fileRef = 01BF9C2DFE751CA1C61A0B03 /* SymbolsViewModel.swift */; };
		50C7EC4C7593DE5DDEB24016 /* DreamMapCanvas.swift in Sources */ = {isa = PBXBuildFile; fileRef = 4E3923A25C69ED6355286E92 /* DreamMapCanvas.swift */; };
		5C2C635F06C9D48579C94902 /* DreamMapView.swift in Sources */ = {isa = PBXBuildFile; fileRef = 2A0FF397DDD2374BC7825F56 /* DreamMapView.swift */; };
		5E9BF29AAFAA170D2033CFB3 /* JournalViewModel.swift in Sources */ = {isa = PBXBuildFile; fileRef = 89F462EDD33258BF6E23317D /* JournalViewModel.swift */; };
		6434883DA9E59821D73039E3 /* Theme.swift in Sources */ = {isa = PBXBuildFile; fileRef = 133A4306C796D3F2EBA7C273 /* Theme.swift */; };
		6D449FACB972BE175D2E3AD9 /* SpeechService.swift in Sources */ = {isa = PBXBuildFile; fileRef = E05296952B5E4FF5BE2E1FF7 /* SpeechService.swift */; };
		6DF80FFA80E463B63075B691 /* SettingsView.swift in Sources */ = {isa = PBXBuildFile; fileRef = 8FCEEFEC40770EE3CE170DE4 /* SettingsView.swift */; };
		8135B8FCC11BFDB8FE9455A5 /* DreamMapViewModel.swift in Sources */ = {isa = PBXBuildFile; fileRef = 75C0C7B4EEE1F305F4C8861D /* DreamMapViewModel.swift */; };
		815D979CA6DDDCB581E34E28 /* SymbolDetailView.swift in Sources */ = {isa = PBXBuildFile; fileRef = 36967D4530CBE91EB04EFE4A /* SymbolDetailView.swift */; };
		87B02D7DE9A010B00BF4A4D7 /* Assets.xcassets in Resources */ = {isa = PBXBuildFile; fileRef = 3BA610882D0AA3781CF3D99E /* Assets.xcassets */; };
		8D612A9C18D5FF6985E7D1DB /* DreamscapeApp.swift in Sources */ = {isa = PBXBuildFile; fileRef = C7E3D8E8863F3F69EDFDC81D /* DreamscapeApp.swift */; };
		9361A4F606ED9B64A10045A7 /* DreamCard.swift in Sources */ = {isa = PBXBuildFile; fileRef = 9DEB261AD42CAD01548E9D92 /* DreamCard.swift */; };
		95F9242826F20E4DD4280423 /* GlowingButton.swift in Sources */ = {isa = PBXBuildFile; fileRef = 76B1085C57445CCCFF14463E /* GlowingButton.swift */; };
		9F38B29611409E7D69F3D915 /* DatabaseService.swift in Sources */ = {isa = PBXBuildFile; fileRef = D860C9F89457D322CBC512C9 /* DatabaseService.swift */; };
		A531E81AF896D82D54D7EE32 /* ContentView.swift in Sources */ = {isa = PBXBuildFile; fileRef = 601D7A4CC9A6E21D69748B45 /* ContentView.swift */; };
		A8E73DDD82EA4DE81E91811A /* WaveformView.swift in Sources */ = {isa = PBXBuildFile; fileRef = E77DF8965E1CEA4C58740CAB /* WaveformView.swift */; };
		B0154C4E58C03964C2D1D52F /* DreamEntryView.swift in Sources */ = {isa = PBXBuildFile; fileRef = 857805413126F56F21151588 /* DreamEntryView.swift */; };
		BEFA1F1ED1F23CE0D4D9A1CB /* DreamAnalysisService.swift in Sources */ = {isa = PBXBuildFile; fileRef = B4B9F342E6D4D46BA9F817EA /* DreamAnalysisService.swift */; };
		CDB1A5D0738966188CE1ACA8 /* SymbolChip.swift in Sources */ = {isa = PBXBuildFile; fileRef = F8123C87B51562254B54E06C /* SymbolChip.swift */; };
		D5658EEA88B7E0F5668E1688 /* SettingsViewModel.swift in Sources */ = {isa = PBXBuildFile; fileRef = 68C02A64A390D92D0FD5B9BC /* SettingsViewModel.swift */; };
		E47AC20AEB12808F2C137395 /* DreamDetailView.swift in Sources */ = {isa = PBXBuildFile; fileRef = 8367DF3C0EF548E912A6D5DB /* DreamDetailView.swift */; };
		F0EE5F2A9F8F9BE8E9431148 /* CloudSyncService.swift in Sources */ = {isa = PBXBuildFile; fileRef = 81EE7060A7B5F1798C235E52 /* CloudSyncService.swift */; };
		F528E4A728D0E323570CAD04 /* Colors.swift in Sources */ = {isa = PBXBuildFile; fileRef = 01FADD005DFFD2C986BE3696 /* Colors.swift */; };
		F9406D5C8A8B8003857DDDD7 /* SymbolsListView.swift in Sources */ = {isa = PBXBuildFile; fileRef = 3C00C477C9633BDE13D1DE42 /* SymbolsListView.swift */; };
		FE660B4ABE768C200E0E0382 /* Dream.swift in Sources */ = {isa = PBXBuildFile; fileRef = 051938EF9A598B01CCDAE4A3 /* Dream.swift */; };
/* End PBXBuildFile section */

/* Begin PBXFileReference section */
		005E52278788128105CD1C8F /* Extensions.swift */ = {isa = PBXFileReference; lastKnownFileType = sourcecode.swift; path = Extensions.swift; sourceTree = "<group>"; };
		01BDE3B995D4D7FEC9882378 /* Info.plist */ = {isa = PBXFileReference; lastKnownFileType = text.plist; path = Info.plist; sourceTree = "<group>"; };
		01BF9C2DFE751CA1C61A0B03 /* SymbolsViewModel.swift */ = {isa = PBXFileReference; lastKnownFileType = sourcecode.swift; path = SymbolsViewModel.swift; sourceTree = "<group>"; };
		01FADD005DFFD2C986BE3696 /* Colors.swift */ = {isa = PBXFileReference; lastKnownFileType = sourcecode.swift; path = Colors.swift; sourceTree = "<group>"; };
		051938EF9A598B01CCDAE4A3 /* Dream.swift */ = {isa = PBXFileReference; lastKnownFileType = sourcecode.swift; path = Dream.swift; sourceTree = "<group>"; };
		0894CC01986B4AFEF24179DE /* DreamListView.swift */ = {isa = PBXFileReference; lastKnownFileType = sourcecode.swift; path = DreamListView.swift; sourceTree = "<group>"; };
		0A08852F2CB2DA71B5C36305 /* Dreamscape.entitlements */ = {isa = PBXFileReference; lastKnownFileType = text.plist.entitlements; path = Dreamscape.entitlements; sourceTree = "<group>"; };
		133A4306C796D3F2EBA7C273 /* Theme.swift */ = {isa = PBXFileReference; lastKnownFileType = sourcecode.swift; path = Theme.swift; sourceTree = "<group>"; };
		2A0FF397DDD2374BC7825F56 /* DreamMapView.swift */ = {isa = PBXFileReference; lastKnownFileType = sourcecode.swift; path = DreamMapView.swift; sourceTree = "<group>"; };
		36967D4530CBE91EB04EFE4A /* SymbolDetailView.swift */ = {isa = PBXFileReference; lastKnownFileType = sourcecode.swift; path = SymbolDetailView.swift; sourceTree = "<group>"; };
		3BA610882D0AA3781CF3D99E /* Assets.xcassets */ = {isa = PBXFileReference; lastKnownFileType = folder.assetcatalog; path = Assets.xcassets; sourceTree = "<group>"; };
		3C00C477C9633BDE13D1DE42 /* SymbolsListView.swift */ = {isa = PBXFileReference; lastKnownFileType = sourcecode.swift; path = SymbolsListView.swift; sourceTree = "<group>"; };
		4E3923A25C69ED6355286E92 /* DreamMapCanvas.swift */ = {isa = PBXFileReference; lastKnownFileType = sourcecode.swift; path = DreamMapCanvas.swift; sourceTree = "<group>"; };
		601D7A4CC9A6E21D69748B45 /* ContentView.swift */ = {isa = PBXFileReference; lastKnownFileType = sourcecode.swift; path = ContentView.swift; sourceTree = "<group>"; };
		68C02A64A390D92D0FD5B9BC /* SettingsViewModel.swift */ = {isa = PBXFileReference; lastKnownFileType = sourcecode.swift; path = SettingsViewModel.swift; sourceTree = "<group>"; };
		70B12AE667C7475203A94F1B /* Dreamscape.app */ = {isa = PBXFileReference; includeInIndex = 0; lastKnownFileType = wrapper.application; path = Dreamscape.app; sourceTree = BUILT_PRODUCTS_DIR; };
		75C0C7B4EEE1F305F4C8861D /* DreamMapViewModel.swift */ = {isa = PBXFileReference; lastKnownFileType = sourcecode.swift; path = DreamMapViewModel.swift; sourceTree = "<group>"; };
		76B1085C57445CCCFF14463E /* GlowingButton.swift */ = {isa = PBXFileReference; lastKnownFileType = sourcecode.swift; path = GlowingButton.swift; sourceTree = "<group>"; };
		81EE7060A7B5F1798C235E52 /* CloudSyncService.swift */ = {isa = PBXFileReference; lastKnownFileType = sourcecode.swift; path = CloudSyncService.swift; sourceTree = "<group>"; };
		8367DF3C0EF548E912A6D5DB /* DreamDetailView.swift */ = {isa = PBXFileReference; lastKnownFileType = sourcecode.swift; path = DreamDetailView.swift; sourceTree = "<group>"; };
		857805413126F56F21151588 /* DreamEntryView.swift */ = {isa = PBXFileReference; lastKnownFileType = sourcecode.swift; path = DreamEntryView.swift; sourceTree = "<group>"; };
		89F462EDD33258BF6E23317D /* JournalViewModel.swift */ = {isa = PBXFileReference; lastKnownFileType = sourcecode.swift; path = JournalViewModel.swift; sourceTree = "<group>"; };
		8FCEEFEC40770EE3CE170DE4 /* SettingsView.swift */ = {isa = PBXFileReference; lastKnownFileType = sourcecode.swift; path = SettingsView.swift; sourceTree = "<group>"; };
		9DEB261AD42CAD01548E9D92 /* DreamCard.swift */ = {isa = PBXFileReference; lastKnownFileType = sourcecode.swift; path = DreamCard.swift; sourceTree = "<group>"; };
		A0BF91A76976DFFE783E2D33 /* Fonts.swift */ = {isa = PBXFileReference; lastKnownFileType = sourcecode.swift; path = Fonts.swift; sourceTree = "<group>"; };
		A7C5C4EBA87BDC0E09D7165C /* Symbol.swift */ = {isa = PBXFileReference; lastKnownFileType = sourcecode.swift; path = Symbol.swift; sourceTree = "<group>"; };
		B4B9F342E6D4D46BA9F817EA /* DreamAnalysisService.swift */ = {isa = PBXFileReference; lastKnownFileType = sourcecode.swift; path = DreamAnalysisService.swift; sourceTree = "<group>"; };
		C04917DA39025D11399FFC71 /* StarFieldBackground.swift */ = {isa = PBXFileReference; lastKnownFileType = sourcecode.swift; path = StarFieldBackground.swift; sourceTree = "<group>"; };
		C7E3D8E8863F3F69EDFDC81D /* DreamscapeApp.swift */ = {isa = PBXFileReference; lastKnownFileType = sourcecode.swift; path = DreamscapeApp.swift; sourceTree = "<group>"; };
		D860C9F89457D322CBC512C9 /* DatabaseService.swift */ = {isa = PBXFileReference; lastKnownFileType = sourcecode.swift; path = DatabaseService.swift; sourceTree = "<group>"; };
		E05296952B5E4FF5BE2E1FF7 /* SpeechService.swift */ = {isa = PBXFileReference; lastKnownFileType = sourcecode.swift; path = SpeechService.swift; sourceTree = "<group>"; };
		E77DF8965E1CEA4C58740CAB /* WaveformView.swift */ = {isa = PBXFileReference; lastKnownFileType = sourcecode.swift; path = WaveformView.swift; sourceTree = "<group>"; };
		F8123C87B51562254B54E06C /* SymbolChip.swift */ = {isa = PBXFileReference; lastKnownFileType = sourcecode.swift; path = SymbolChip.swift; sourceTree = "<group>"; };
/* End PBXFileReference section */

/* Begin PBXFrameworksBuildPhase section */
		0CBD3EE158AB08283249172B /* Frameworks */ = {
			isa = PBXFrameworksBuildPhase;
			buildActionMask = 2147483647;
			files = (
				03CC768272D1391D2302856C /* SQLite in Frameworks */,
			);
			runOnlyForDeploymentPostprocessing = 0;
		};
/* End PBXFrameworksBuildPhase section */

/* Begin PBXGroup section */
		01B73A59444E89BADAF9D0D1 /* Services */ = {
			isa = PBXGroup;
			children = (
				81EE7060A7B5F1798C235E52 /* CloudSyncService.swift */,
				D860C9F89457D322CBC512C9 /* DatabaseService.swift */,
				B4B9F342E6D4D46BA9F817EA /* DreamAnalysisService.swift */,
				E05296952B5E4FF5BE2E1FF7 /* SpeechService.swift */,
			);
			path = Services;
			sourceTree = "<group>";
		};
		04648605BCD583C3A0014215 /* Components */ = {
			isa = PBXGroup;
			children = (
				9DEB261AD42CAD01548E9D92 /* DreamCard.swift */,
				4E3923A25C69ED6355286E92 /* DreamMapCanvas.swift */,
				76B1085C57445CCCFF14463E /* GlowingButton.swift */,
				C04917DA39025D11399FFC71 /* StarFieldBackground.swift */,
				F8123C87B51562254B54E06C /* SymbolChip.swift */,
				E77DF8965E1CEA4C58740CAB /* WaveformView.swift */,
			);
			path = Components;
			sourceTree = "<group>";
		};
		18ACE04A672AF56D19D78048 /* Utilities */ = {
			isa = PBXGroup;
			children = (
				01FADD005DFFD2C986BE3696 /* Colors.swift */,
				005E52278788128105CD1C8F /* Extensions.swift */,
				A0BF91A76976DFFE783E2D33 /* Fonts.swift */,
			);
			path = Utilities;
			sourceTree = "<group>";
		};
		426675C30FEE88BB6DCB194E /* Models */ = {
			isa = PBXGroup;
			children = (
				051938EF9A598B01CCDAE4A3 /* Dream.swift */,
				A7C5C4EBA87BDC0E09D7165C /* Symbol.swift */,
				133A4306C796D3F2EBA7C273 /* Theme.swift */,
			);
			path = Models;
			sourceTree = "<group>";
		};
		5E0971C256ADBE9CCD61ECD9 /* Screens */ = {
			isa = PBXGroup;
			children = (
				601D7A4CC9A6E21D69748B45 /* ContentView.swift */,
				8367DF3C0EF548E912A6D5DB /* DreamDetailView.swift */,
				857805413126F56F21151588 /* DreamEntryView.swift */,
				0894CC01986B4AFEF24179DE /* DreamListView.swift */,
				2A0FF397DDD2374BC7825F56 /* DreamMapView.swift */,
				8FCEEFEC40770EE3CE170DE4 /* SettingsView.swift */,
				36967D4530CBE91EB04EFE4A /* SymbolDetailView.swift */,
				3C00C477C9633BDE13D1DE42 /* SymbolsListView.swift */,
			);
			path = Screens;
			sourceTree = "<group>";
		};
		606EE5FD42F7C71215224670 /* ViewModels */ = {
			isa = PBXGroup;
			children = (
				75C0C7B4EEE1F305F4C8861D /* DreamMapViewModel.swift */,
				89F462EDD33258BF6E23317D /* JournalViewModel.swift */,
				68C02A64A390D92D0FD5B9BC /* SettingsViewModel.swift */,
				01BF9C2DFE751CA1C61A0B03 /* SymbolsViewModel.swift */,
			);
			path = ViewModels;
			sourceTree = "<group>";
		};
		99769AFD85CE4B7AB5D0F902 /* App */ = {
			isa = PBXGroup;
			children = (
				C7E3D8E8863F3F69EDFDC81D /* DreamscapeApp.swift */,
			);
			path = App;
			sourceTree = "<group>";
		};
		9C8446B38F8568A363690CA6 = {
			isa = PBXGroup;
			children = (
				C4D095FC12937BA10D05139C /* Sources */,
				B17B1068F863D5AE1A46E4C4 /* Products */,
			);
			sourceTree = "<group>";
		};
		B17B1068F863D5AE1A46E4C4 /* Products */ = {
			isa = PBXGroup;
			children = (
				70B12AE667C7475203A94F1B /* Dreamscape.app */,
			);
			name = Products;
			sourceTree = "<group>";
		};
		C10C8B883C3D2C977BCA80E3 /* Resources */ = {
			isa = PBXGroup;
			children = (
				3BA610882D0AA3781CF3D99E /* Assets.xcassets */,
				0A08852F2CB2DA71B5C36305 /* Dreamscape.entitlements */,
				01BDE3B995D4D7FEC9882378 /* Info.plist */,
			);
			path = Resources;
			sourceTree = "<group>";
		};
		C4D095FC12937BA10D05139C /* Sources */ = {
			isa = PBXGroup;
			children = (
				99769AFD85CE4B7AB5D0F902 /* App */,
				426675C30FEE88BB6DCB194E /* Models */,
				C10C8B883C3D2C977BCA80E3 /* Resources */,
				01B73A59444E89BADAF9D0D1 /* Services */,
				18ACE04A672AF56D19D78048 /* Utilities */,
				606EE5FD42F7C71215224670 /* ViewModels */,
				E17125BF5E9BD96072C6FB90 /* Views */,
			);
			path = Sources;
			sourceTree = "<group>";
		};
		E17125BF5E9BD96072C6FB90 /* Views */ = {
			isa = PBXGroup;
			children = (
				04648605BCD583C3A0014215 /* Components */,
				5E0971C256ADBE9CCD61ECD9 /* Screens */,
			);
			path = Views;
			sourceTree = "<group>";
		};
/* End PBXGroup section */

/* Begin PBXNativeTarget section */
		A1CFD0F931E9AD33172EC167 /* Dreamscape */ = {
			isa = PBXNativeTarget;
			buildConfigurationList = 32BE207BEF4CB27E236C5AAA /* Build configuration list for PBXNativeTarget "Dreamscape" */;
			buildPhases = (
				1BDB5148C16F27BC9D3CFBDB /* Sources */,
				2FBE6DCDC4B3E356C0DA0551 /* Resources */,
				0CBD3EE158AB08283249172B /* Frameworks */,
			);
			buildRules = (
			);
			dependencies = (
			);
			name = Dreamscape;
			packageProductDependencies = (
				B478EA5AC619FAE1E0FED4C4 /* SQLite */,
			);
			productName = Dreamscape;
			productReference = 70B12AE667C7475203A94F1B /* Dreamscape.app */;
			productType = "com.apple.product-type.application";
		};
/* End PBXNativeTarget section */

/* Begin PBXProject section */
		F13AF0ECE190015C5DF70FD2 /* Project object */ = {
			isa = PBXProject;
			attributes = {
				BuildIndependentTargetsInParallel = YES;
				LastUpgradeCheck = 1600;
				TargetAttributes = {
					A1CFD0F931E9AD33172EC167 = {
						DevelopmentTeam = "";
						ProvisioningStyle = Automatic;
					};
				};
			};
			buildConfigurationList = EE867652D8E579D929F58CC0 /* Build configuration list for PBXProject "Dreamscape" */;
			compatibilityVersion = "Xcode 14.0";
			developmentRegion = en;
			hasScannedForEncodings = 0;
			knownRegions = (
				Base,
				en,
			);
			mainGroup = 9C8446B38F8568A363690CA6;
			packageReferences = (
				D025BFA1BE2F4FFDA491CE00 /* XCRemoteSwiftPackageReference "SQLite.swift" */,
			);
			projectDirPath = "";
			projectRoot = "";
			targets = (
				A1CFD0F931E9AD33172EC167 /* Dreamscape */,
			);
		};
/* End PBXProject section */

/* Begin PBXResourcesBuildPhase section */
		2FBE6DCDC4B3E356C0DA0551 /* Resources */ = {
			isa = PBXResourcesBuildPhase;
			buildActionMask = 2147483647;
			files = (
				87B02D7DE9A010B00BF4A4D7 /* Assets.xcassets in Resources */,
			);
			runOnlyForDeploymentPostprocessing = 0;
		};
/* End PBXResourcesBuildPhase section */

/* Begin PBXSourcesBuildPhase section */
		1BDB5148C16F27BC9D3CFBDB /* Sources */ = {
			isa = PBXSourcesBuildPhase;
			buildActionMask = 2147483647;
			files = (
				F0EE5F2A9F8F9BE8E9431148 /* CloudSyncService.swift in Sources */,
				F528E4A728D0E323570CAD04 /* Colors.swift in Sources */,
				A531E81AF896D82D54D7EE32 /* ContentView.swift in Sources */,
				9F38B29611409E7D69F3D915 /* DatabaseService.swift in Sources */,
				FE660B4ABE768C200E0E0382 /* Dream.swift in Sources */,
				BEFA1F1ED1F23CE0D4D9A1CB /* DreamAnalysisService.swift in Sources */,
				9361A4F606ED9B64A10045A7 /* DreamCard.swift in Sources */,
				E47AC20AEB12808F2C137395 /* DreamDetailView.swift in Sources */,
				B0154C4E58C03964C2D1D52F /* DreamEntryView.swift in Sources */,
				4E0DFEC499B3CE297416B586 /* DreamListView.swift in Sources */,
				50C7EC4C7593DE5DDEB24016 /* DreamMapCanvas.swift in Sources */,
				5C2C635F06C9D48579C94902 /* DreamMapView.swift in Sources */,
				8135B8FCC11BFDB8FE9455A5 /* DreamMapViewModel.swift in Sources */,
				8D612A9C18D5FF6985E7D1DB /* DreamscapeApp.swift in Sources */,
				0A33F5BEB7CA3A5628FED791 /* Extensions.swift in Sources */,
				28EDC4E42C80114B2CB41F58 /* Fonts.swift in Sources */,
				95F9242826F20E4DD4280423 /* GlowingButton.swift in Sources */,
				5E9BF29AAFAA170D2033CFB3 /* JournalViewModel.swift in Sources */,
				6DF80FFA80E463B63075B691 /* SettingsView.swift in Sources */,
				D5658EEA88B7E0F5668E1688 /* SettingsViewModel.swift in Sources */,
				6D449FACB972BE175D2E3AD9 /* SpeechService.swift in Sources */,
				418D96F90FCFA133C93B14C8 /* StarFieldBackground.swift in Sources */,
				3D3D71FB4AC3C30393C63552 /* Symbol.swift in Sources */,
				CDB1A5D0738966188CE1ACA8 /* SymbolChip.swift in Sources */,
				815D979CA6DDDCB581E34E28 /* SymbolDetailView.swift in Sources */,
				F9406D5C8A8B8003857DDDD7 /* SymbolsListView.swift in Sources */,
				4F153D9B610BF5330D54E4D4 /* SymbolsViewModel.swift in Sources */,
				6434883DA9E59821D73039E3 /* Theme.swift in Sources */,
				A8E73DDD82EA4DE81E91811A /* WaveformView.swift in Sources */,
			);
			runOnlyForDeploymentPostprocessing = 0;
		};
/* End PBXSourcesBuildPhase section */

/* Begin XCBuildConfiguration section */
		015E48897F2EA66B3EE94A80 /* Release */ = {
			isa = XCBuildConfiguration;
			buildSettings = {
				ASSETCATALOG_COMPILER_APPICON_NAME = AppIcon;
				ASSETCATALOG_COMPILER_GLOBAL_ACCENT_COLOR_NAME = AccentColor;
				CODE_SIGN_ENTITLEMENTS = Sources/Resources/Dreamscape.entitlements;
				CODE_SIGN_IDENTITY = "iPhone Developer";
				GENERATE_INFOPLIST_FILE = NO;
				INFOPLIST_FILE = Sources/Resources/Info.plist;
				LD_RUNPATH_SEARCH_PATHS = "$(inherited) @executable_path/Frameworks";
				PRODUCT_BUNDLE_IDENTIFIER = com.dreamscape.app;
				SDKROOT = iphoneos;
				SWIFT_EMIT_LOC_STRINGS = YES;
				TARGETED_DEVICE_FAMILY = "1,2";
			};
			name = Release;
		};
		1C7F9081ADC574B1737A20FC /* Release */ = {
			isa = XCBuildConfiguration;
			buildSettings = {
				ALWAYS_SEARCH_USER_PATHS = NO;
				CLANG_ANALYZER_NONNULL = YES;
				CLANG_ANALYZER_NUMBER_OBJECT_CONVERSION = YES_AGGRESSIVE;
				CLANG_CXX_LANGUAGE_STANDARD = "gnu++14";
				CLANG_CXX_LIBRARY = "libc++";
				CLANG_ENABLE_MODULES = YES;
				CLANG_ENABLE_OBJC_ARC = YES;
				CLANG_ENABLE_OBJC_WEAK = YES;
				CLANG_WARN_BLOCK_CAPTURE_AUTORELEASING = YES;
				CLANG_WARN_BOOL_CONVERSION = YES;
				CLANG_WARN_COMMA = YES;
				CLANG_WARN_CONSTANT_CONVERSION = YES;
				CLANG_WARN_DEPRECATED_OBJC_IMPLEMENTATIONS = YES;
				CLANG_WARN_DIRECT_OBJC_ISA_USAGE = YES_ERROR;
				CLANG_WARN_DOCUMENTATION_COMMENTS = YES;
				CLANG_WARN_EMPTY_BODY = YES;
				CLANG_WARN_ENUM_CONVERSION = YES;
				CLANG_WARN_INFINITE_RECURSION = YES;
				CLANG_WARN_INT_CONVERSION = YES;
				CLANG_WARN_NON_LITERAL_NULL_CONVERSION = YES;
				CLANG_WARN_OBJC_IMPLICIT_RETAIN_SELF = YES;
				CLANG_WARN_OBJC_LITERAL_CONVERSION = YES;
				CLANG_WARN_OBJC_ROOT_CLASS = YES_ERROR;
				CLANG_WARN_QUOTED_INCLUDE_IN_FRAMEWORK_HEADER = YES;
				CLANG_WARN_RANGE_LOOP_ANALYSIS = YES;
				CLANG_WARN_STRICT_PROTOTYPES = YES;
				CLANG_WARN_SUSPICIOUS_MOVE = YES;
				CLANG_WARN_UNGUARDED_AVAILABILITY = YES_AGGRESSIVE;
				CLANG_WARN_UNREACHABLE_CODE = YES;
				CLANG_WARN__DUPLICATE_METHOD_MATCH = YES;
				CODE_SIGN_STYLE = Automatic;
				COPY_PHASE_STRIP = NO;
				CURRENT_PROJECT_VERSION = 1;
				DEBUG_INFORMATION_FORMAT = "dwarf-with-dsym";
				DEVELOPMENT_TEAM = "";
				ENABLE_NS_ASSERTIONS = NO;
				ENABLE_STRICT_OBJC_MSGSEND = YES;
				ENABLE_USER_SCRIPT_SANDBOXING = NO;
				GCC_C_LANGUAGE_STANDARD = gnu11;
				GCC_NO_COMMON_BLOCKS = YES;
				GCC_WARN_64_TO_32_BIT_CONVERSION = YES;
				GCC_WARN_ABOUT_RETURN_TYPE = YES_ERROR;
				GCC_WARN_UNDECLARED_SELECTOR = YES;
				GCC_WARN_UNINITIALIZED_AUTOS = YES_AGGRESSIVE;
				GCC_WARN_UNUSED_FUNCTION = YES;
				GCC_WARN_UNUSED_VARIABLE = YES;
				IPHONEOS_DEPLOYMENT_TARGET = 26.0;
				MARKETING_VERSION = 1.0.0;
				MTL_ENABLE_DEBUG_INFO = NO;
				MTL_FAST_MATH = YES;
				PRODUCT_NAME = "$(TARGET_NAME)";
				SDKROOT = iphoneos;
				SWIFT_COMPILATION_MODE = wholemodule;
				SWIFT_OPTIMIZATION_LEVEL = "-O";
				SWIFT_VERSION = 6.0;
				TARGETED_DEVICE_FAMILY = "1,2";
			};
			name = Release;
		};
		2091C4EBC7006C5122F1F89B /* Debug */ = {
			isa = XCBuildConfiguration;
			buildSettings = {
				ASSETCATALOG_COMPILER_APPICON_NAME = AppIcon;
				ASSETCATALOG_COMPILER_GLOBAL_ACCENT_COLOR_NAME = AccentColor;
				CODE_SIGN_ENTITLEMENTS = Sources/Resources/Dreamscape.entitlements;
				CODE_SIGN_IDENTITY = "iPhone Developer";
				GENERATE_INFOPLIST_FILE = NO;
				INFOPLIST_FILE = Sources/Resources/Info.plist;
				LD_RUNPATH_SEARCH_PATHS = "$(inherited) @executable_path/Frameworks";
				PRODUCT_BUNDLE_IDENTIFIER = com.dreamscape.app;
				SDKROOT = iphoneos;
				SWIFT_EMIT_LOC_STRINGS = YES;
				TARGETED_DEVICE_FAMILY = "1,2";
			};
			name = Debug;
		};
		A3A214F0313BFBDAFF6239E1 /* Debug */ = {
			isa = XCBuildConfiguration;
			buildSettings = {
				ALWAYS_SEARCH_USER_PATHS = NO;
				CLANG_ANALYZER_NONNULL = YES;
				CLANG_ANALYZER_NUMBER_OBJECT_CONVERSION = YES_AGGRESSIVE;
				CLANG_CXX_LANGUAGE_STANDARD = "gnu++14";
				CLANG_CXX_LIBRARY = "libc++";
				CLANG_ENABLE_MODULES = YES;
				CLANG_ENABLE_OBJC_ARC = YES;
				CLANG_ENABLE_OBJC_WEAK = YES;
				CLANG_WARN_BLOCK_CAPTURE_AUTORELEASING = YES;
				CLANG_WARN_BOOL_CONVERSION = YES;
				CLANG_WARN_COMMA = YES;
				CLANG_WARN_CONSTANT_CONVERSION = YES;
				CLANG_WARN_DEPRECATED_OBJC_IMPLEMENTATIONS = YES;
				CLANG_WARN_DIRECT_OBJC_ISA_USAGE = YES_ERROR;
				CLANG_WARN_DOCUMENTATION_COMMENTS = YES;
				CLANG_WARN_EMPTY_BODY = YES;
				CLANG_WARN_ENUM_CONVERSION = YES;
				CLANG_WARN_INFINITE_RECURSION = YES;
				CLANG_WARN_INT_CONVERSION = YES;
				CLANG_WARN_NON_LITERAL_NULL_CONVERSION = YES;
				CLANG_WARN_OBJC_IMPLICIT_RETAIN_SELF = YES;
				CLANG_WARN_OBJC_LITERAL_CONVERSION = YES;
				CLANG_WARN_OBJC_ROOT_CLASS = YES_ERROR;
				CLANG_WARN_QUOTED_INCLUDE_IN_FRAMEWORK_HEADER = YES;
				CLANG_WARN_RANGE_LOOP_ANALYSIS = YES;
				CLANG_WARN_STRICT_PROTOTYPES = YES;
				CLANG_WARN_SUSPICIOUS_MOVE = YES;
				CLANG_WARN_UNGUARDED_AVAILABILITY = YES_AGGRESSIVE;
				CLANG_WARN_UNREACHABLE_CODE = YES;
				CLANG_WARN__DUPLICATE_METHOD_MATCH = YES;
				CODE_SIGN_STYLE = Automatic;
				COPY_PHASE_STRIP = NO;
				CURRENT_PROJECT_VERSION = 1;
				DEBUG_INFORMATION_FORMAT = dwarf;
				DEVELOPMENT_TEAM = "";
				ENABLE_STRICT_OBJC_MSGSEND = YES;
				ENABLE_TESTABILITY = YES;
				ENABLE_USER_SCRIPT_SANDBOXING = NO;
				GCC_C_LANGUAGE_STANDARD = gnu11;
				GCC_DYNAMIC_NO_PIC = NO;
				GCC_NO_COMMON_BLOCKS = YES;
				GCC_OPTIMIZATION_LEVEL = 0;
				GCC_PREPROCESSOR_DEFINITIONS = (
					"$(inherited)",
					"DEBUG=1",
				);
				GCC_WARN_64_TO_32_BIT_CONVERSION = YES;
				GCC_WARN_ABOUT_RETURN_TYPE = YES_ERROR;
				GCC_WARN_UNDECLARED_SELECTOR = YES;
				GCC_WARN_UNINITIALIZED_AUTOS = YES_AGGRESSIVE;
				GCC_WARN_UNUSED_FUNCTION = YES;
				GCC_WARN_UNUSED_VARIABLE = YES;
				IPHONEOS_DEPLOYMENT_TARGET = 26.0;
				MARKETING_VERSION = 1.0.0;
				MTL_ENABLE_DEBUG_INFO = INCLUDE_SOURCE;
				MTL_FAST_MATH = YES;
				ONLY_ACTIVE_ARCH = YES;
				PRODUCT_NAME = "$(TARGET_NAME)";
				SDKROOT = iphoneos;
				SWIFT_ACTIVE_COMPILATION_CONDITIONS = DEBUG;
				SWIFT_OPTIMIZATION_LEVEL = "-Onone";
				SWIFT_VERSION = 6.0;
				TARGETED_DEVICE_FAMILY = "1,2";
			};
			name = Debug;
		};
/* End XCBuildConfiguration section */

/* Begin XCConfigurationList section */
		32BE207BEF4CB27E236C5AAA /* Build configuration list for PBXNativeTarget "Dreamscape" */ = {
			isa = XCConfigurationList;
			buildConfigurations = (
				2091C4EBC7006C5122F1F89B /* Debug */,
				015E48897F2EA66B3EE94A80 /* Release */,
			);
			defaultConfigurationIsVisible = 0;
			defaultConfigurationName = Debug;
		};
		EE867652D8E579D929F58CC0 /* Build configuration list for PBXProject "Dreamscape" */ = {
			isa = XCConfigurationList;
			buildConfigurations = (
				A3A214F0313BFBDAFF6239E1 /* Debug */,
				1C7F9081ADC574B1737A20FC /* Release */,
			);
			defaultConfigurationIsVisible = 0;
			defaultConfigurationName = Debug;
		};
/* End XCConfigurationList section */

/* Begin XCRemoteSwiftPackageReference section */
		D025BFA1BE2F4FFDA491CE00 /* XCRemoteSwiftPackageReference "SQLite.swift" */ = {
			isa = XCRemoteSwiftPackageReference;
			repositoryURL = "https://github.com/stephencelis/SQLite.swift";
			requirement = {
				kind = upToNextMajorVersion;
				minimumVersion = 0.15.0;
			};
		};
/* End XCRemoteSwiftPackageReference section */

/* Begin XCSwiftPackageProductDependency section */
		B478EA5AC619FAE1E0FED4C4 /* SQLite */ = {
			isa = XCSwiftPackageProductDependency;
			package = D025BFA1BE2F4FFDA491CE00 /* XCRemoteSwiftPackageReference "SQLite.swift" */;
			productName = SQLite;
		};
/* End XCSwiftPackageProductDependency section */
	};
	rootObject = F13AF0ECE190015C5DF70FD2 /* Project object */;
}
